
Microsoft Visual Studio Solution File, Format Version 12.00
# Visual Studio Version 17
VisualStudioVersion = 17.0.31912.275
MinimumVisualStudioVersion = 10.0.40219.1
Project("{9A19103F-16F7-4668-BE54-9A1E7A4F7556}") = "MyTikTokBackup.Core", "MyTikTokBackup.Core\MyTikTokBackup.Core.csproj", "{6728B1BC-0EB3-4BB6-AE47-E49B30156C16}"
EndProject
Project("{9A19103F-16F7-4668-BE54-9A1E7A4F7556}") = "MyTikTokBackup.Tests", "MyTikTokBackup.Tests\MyTikTokBackup.Tests.csproj", "{52338567-3774-4BC1-8853-E4F50D7ABAC8}"
EndProject
Project("{9A19103F-16F7-4668-BE54-9A1E7A4F7556}") = "MergeTikTokFolders", "MergeTikTokFolders\MergeTikTokFolders.csproj", "{F99897F5-2BC0-45E9-B269-D32EE0CF384F}"
EndProject
Project("{FAE04EC0-301F-11D3-BF4B-00C04F79EFBC}") = "MyTikTokBackup.Desktop", "MyTikTokBackup.Desktop\MyTikTokBackup.Desktop.csproj", "{97694015-E140-4508-BD1E-89610963AAEC}"
EndProject
Global
	GlobalSection(SolutionConfigurationPlatforms) = preSolution
		Debug|Any CPU = Debug|Any CPU
		Debug|arm64 = Debug|arm64
		Debug|x64 = Debug|x64
		Debug|x86 = Debug|x86
		Release|Any CPU = Release|Any CPU
		Release|arm64 = Release|arm64
		Release|x64 = Release|x64
		Release|x86 = Release|x86
	EndGlobalSection
	GlobalSection(ProjectConfigurationPlatforms) = postSolution
		{6728B1BC-0EB3-4BB6-AE47-E49B30156C16}.Debug|Any CPU.ActiveCfg = Debug|Any CPU
		{6728B1BC-0EB3-4BB6-AE47-E49B30156C16}.Debug|Any CPU.Build.0 = Debug|Any CPU
		{6728B1BC-0EB3-4BB6-AE47-E49B30156C16}.Debug|arm64.ActiveCfg = Debug|Any CPU
		{6728B1BC-0EB3-4BB6-AE47-E49B30156C16}.Debug|arm64.Build.0 = Debug|Any CPU
		{6728B1BC-0EB3-4BB6-AE47-E49B30156C16}.Debug|x64.ActiveCfg = Debug|Any CPU
		{6728B1BC-0EB3-4BB6-AE47-E49B30156C16}.Debug|x64.Build.0 = Debug|Any CPU
		{6728B1BC-0EB3-4BB6-AE47-E49B30156C16}.Debug|x86.ActiveCfg = Debug|Any CPU
		{6728B1BC-0EB3-4BB6-AE47-E49B30156C16}.Debug|x86.Build.0 = Debug|Any CPU
		{6728B1BC-0EB3-4BB6-AE47-E49B30156C16}.Release|Any CPU.ActiveCfg = Release|Any CPU
		{6728B1BC-0EB3-4BB6-AE47-E49B30156C16}.Release|Any CPU.Build.0 = Release|Any CPU
		{6728B1BC-0EB3-4BB6-AE47-E49B30156C16}.Release|arm64.ActiveCfg = Release|Any CPU
		{6728B1BC-0EB3-4BB6-AE47-E49B30156C16}.Release|arm64.Build.0 = Release|Any CPU
		{6728B1BC-0EB3-4BB6-AE47-E49B30156C16}.Release|x64.ActiveCfg = Release|Any CPU
		{6728B1BC-0EB3-4BB6-AE47-E49B30156C16}.Release|x64.Build.0 = Release|Any CPU
		{6728B1BC-0EB3-4BB6-AE47-E49B30156C16}.Release|x86.ActiveCfg = Release|Any CPU
		{6728B1BC-0EB3-4BB6-AE47-E49B30156C16}.Release|x86.Build.0 = Release|Any CPU
		{52338567-3774-4BC1-8853-E4F50D7ABAC8}.Debug|Any CPU.ActiveCfg = Debug|Any CPU
		{52338567-3774-4BC1-8853-E4F50D7ABAC8}.Debug|Any CPU.Build.0 = Debug|Any CPU
		{52338567-3774-4BC1-8853-E4F50D7ABAC8}.Debug|arm64.ActiveCfg = Debug|Any CPU
		{52338567-3774-4BC1-8853-E4F50D7ABAC8}.Debug|arm64.Build.0 = Debug|Any CPU
		{52338567-3774-4BC1-8853-E4F50D7ABAC8}.Debug|x64.ActiveCfg = Debug|Any CPU
		{52338567-3774-4BC1-8853-E4F50D7ABAC8}.Debug|x64.Build.0 = Debug|Any CPU
		{52338567-3774-4BC1-8853-E4F50D7ABAC8}.Debug|x86.ActiveCfg = Debug|Any CPU
		{52338567-3774-4BC1-8853-E4F50D7ABAC8}.Debug|x86.Build.0 = Debug|Any CPU
		{52338567-3774-4BC1-8853-E4F50D7ABAC8}.Release|Any CPU.ActiveCfg = Release|Any CPU
		{52338567-3774-4BC1-8853-E4F50D7ABAC8}.Release|Any CPU.Build.0 = Release|Any CPU
		{52338567-3774-4BC1-8853-E4F50D7ABAC8}.Release|arm64.ActiveCfg = Release|Any CPU
		{52338567-3774-4BC1-8853-E4F50D7ABAC8}.Release|arm64.Build.0 = Release|Any CPU
		{52338567-3774-4BC1-8853-E4F50D7ABAC8}.Release|x64.ActiveCfg = Release|Any CPU
		{52338567-3774-4BC1-8853-E4F50D7ABAC8}.Release|x64.Build.0 = Release|Any CPU
		{52338567-3774-4BC1-8853-E4F50D7ABAC8}.Release|x86.ActiveCfg = Release|Any CPU
		{52338567-3774-4BC1-8853-E4F50D7ABAC8}.Release|x86.Build.0 = Release|Any CPU
		{F99897F5-2BC0-45E9-B269-D32EE0CF384F}.Debug|Any CPU.ActiveCfg = Debug|Any CPU
		{F99897F5-2BC0-45E9-B269-D32EE0CF384F}.Debug|Any CPU.Build.0 = Debug|Any CPU
		{F99897F5-2BC0-45E9-B269-D32EE0CF384F}.Debug|arm64.ActiveCfg = Debug|Any CPU
		{F99897F5-2BC0-45E9-B269-D32EE0CF384F}.Debug|arm64.Build.0 = Debug|Any CPU
		{F99897F5-2BC0-45E9-B269-D32EE0CF384F}.Debug|x64.ActiveCfg = Debug|Any CPU
		{F99897F5-2BC0-45E9-B269-D32EE0CF384F}.Debug|x64.Build.0 = Debug|Any CPU
		{F99897F5-2BC0-45E9-B269-D32EE0CF384F}.Debug|x86.ActiveCfg = Debug|Any CPU
		{F99897F5-2BC0-45E9-B269-D32EE0CF384F}.Debug|x86.Build.0 = Debug|Any CPU
		{F99897F5-2BC0-45E9-B269-D32EE0CF384F}.Release|Any CPU.ActiveCfg = Release|Any CPU
		{F99897F5-2BC0-45E9-B269-D32EE0CF384F}.Release|Any CPU.Build.0 = Release|Any CPU
		{F99897F5-2BC0-45E9-B269-D32EE0CF384F}.Release|arm64.ActiveCfg = Release|Any CPU
		{F99897F5-2BC0-45E9-B269-D32EE0CF384F}.Release|arm64.Build.0 = Release|Any CPU
		{F99897F5-2BC0-45E9-B269-D32EE0CF384F}.Release|x64.ActiveCfg = Release|Any CPU
		{F99897F5-2BC0-45E9-B269-D32EE0CF384F}.Release|x64.Build.0 = Release|Any CPU
		{F99897F5-2BC0-45E9-B269-D32EE0CF384F}.Release|x86.ActiveCfg = Release|Any CPU
		{F99897F5-2BC0-45E9-B269-D32EE0CF384F}.Release|x86.Build.0 = Release|Any CPU
		{97694015-E140-4508-BD1E-89610963AAEC}.Debug|Any CPU.ActiveCfg = Debug|x64
		{97694015-E140-4508-BD1E-89610963AAEC}.Debug|Any CPU.Build.0 = Debug|x64
		{97694015-E140-4508-BD1E-89610963AAEC}.Debug|Any CPU.Deploy.0 = Debug|x64
		{97694015-E140-4508-BD1E-89610963AAEC}.Debug|arm64.ActiveCfg = Debug|ARM64
		{97694015-E140-4508-BD1E-89610963AAEC}.Debug|arm64.Build.0 = Debug|ARM64
		{97694015-E140-4508-BD1E-89610963AAEC}.Debug|arm64.Deploy.0 = Debug|ARM64
		{97694015-E140-4508-BD1E-89610963AAEC}.Debug|x64.ActiveCfg = Debug|x64
		{97694015-E140-4508-BD1E-89610963AAEC}.Debug|x64.Build.0 = Debug|x64
		{97694015-E140-4508-BD1E-89610963AAEC}.Debug|x64.Deploy.0 = Debug|x64
		{97694015-E140-4508-BD1E-89610963AAEC}.Debug|x86.ActiveCfg = Debug|x86
		{97694015-E140-4508-BD1E-89610963AAEC}.Debug|x86.Build.0 = Debug|x86
		{97694015-E140-4508-BD1E-89610963AAEC}.Debug|x86.Deploy.0 = Debug|x86
		{97694015-E140-4508-BD1E-89610963AAEC}.Release|Any CPU.ActiveCfg = Release|x64
		{97694015-E140-4508-BD1E-89610963AAEC}.Release|Any CPU.Build.0 = Release|x64
		{97694015-E140-4508-BD1E-89610963AAEC}.Release|Any CPU.Deploy.0 = Release|x64
		{97694015-E140-4508-BD1E-89610963AAEC}.Release|arm64.ActiveCfg = Release|ARM64
		{97694015-E140-4508-BD1E-89610963AAEC}.Release|arm64.Build.0 = Release|ARM64
		{97694015-E140-4508-BD1E-89610963AAEC}.Release|arm64.Deploy.0 = Release|ARM64
		{97694015-E140-4508-BD1E-89610963AAEC}.Release|x64.ActiveCfg = Release|x64
		{97694015-E140-4508-BD1E-89610963AAEC}.Release|x64.Build.0 = Release|x64
		{97694015-E140-4508-BD1E-89610963AAEC}.Release|x64.Deploy.0 = Release|x64
		{97694015-E140-4508-BD1E-89610963AAEC}.Release|x86.ActiveCfg = Release|x86
		{97694015-E140-4508-BD1E-89610963AAEC}.Release|x86.Build.0 = Release|x86
		{97694015-E140-4508-BD1E-89610963AAEC}.Release|x86.Deploy.0 = Release|x86
	EndGlobalSection
	GlobalSection(SolutionProperties) = preSolution
		HideSolutionNode = FALSE
	EndGlobalSection
	GlobalSection(ExtensibilityGlobals) = postSolution
		SolutionGuid = {F0AA0C24-2A28-44F3-A78A-E592AE028C0F}
	EndGlobalSection
EndGlobal
